// !$*UTF8*$!
{
	archiveVersion = 1;
	classes = {
	};
	objectVersion = 50;
	objects = {

/* Begin PBXBuildFile section */
		7BCB411B21C3096100BFC4D0 /* AppDelegate.swift in Sources */ = {isa = PBXBuildFile; fileRef = 7BCB411A21C3096100BFC4D0 /* AppDelegate.swift */; };
		7BCB411D21C3096100BFC4D0 /* ViewController.swift in Sources */ = {isa = PBXBuildFile; fileRef = 7BCB411C21C3096100BFC4D0 /* ViewController.swift */; };
		7BCB412021C3096100BFC4D0 /* Main.storyboard in Resources */ = {isa = PBXBuildFile; fileRef = 7BCB411E21C3096100BFC4D0 /* Main.storyboard */; };
		7BCB412221C3096200BFC4D0 /* Assets.xcassets in Resources */ = {isa = PBXBuildFile; fileRef = 7BCB412121C3096200BFC4D0 /* Assets.xcassets */; };
		7BCB412521C3096200BFC4D0 /* LaunchScreen.storyboard in Resources */ = {isa = PBXBuildFile; fileRef = 7BCB412321C3096200BFC4D0 /* LaunchScreen.storyboard */; };
		7BCB413221C309B900BFC4D0 /* BoundingBoxView.swift in Sources */ = {isa = PBXBuildFile; fileRef = 7BCB412E21C309B900BFC4D0 /* BoundingBoxView.swift */; };
		7BCB413321C309B900BFC4D0 /* VideoCapture.swift in Sources */ = {isa = PBXBuildFile; fileRef = 7BCB412F21C309B900BFC4D0 /* VideoCapture.swift */; };
		7BCB413921C55F9B00BFC4D0 /* MobileNetV2_SSDLite.mlmodel in Sources */ = {isa = PBXBuildFile; fileRef = 7BCB413821C55F9B00BFC4D0 /* MobileNetV2_SSDLite.mlmodel */; };
/* End PBXBuildFile section */

/* Begin PBXFileReference section */
		7BCB411721C3096100BFC4D0 /* ObjectDetection.app */ = {isa = PBXFileReference; explicitFileType = wrapper.application; includeInIndex = 0; path = ObjectDetection.app; sourceTree = BUILT_PRODUCTS_DIR; };
		7BCB411A21C3096100BFC4D0 /* AppDelegate.swift */ = {isa = PBXFileReference; lastKnownFileType = sourcecode.swift; path = AppDelegate.swift; sourceTree = "<group>"; };
		7BCB411C21C3096100BFC4D0 /* ViewController.swift */ = {isa = PBXFileReference; lastKnownFileType = sourcecode.swift; path = ViewController.swift; sourceTree = "<group>"; };
		7BCB411F21C3096100BFC4D0 /* Base */ = {isa = PBXFileReference; lastKnownFileType = file.storyboard; name = Base; path = Base.lproj/Main.storyboard; sourceTree = "<group>"; };
		7BCB412121C3096200BFC4D0 /* Assets.xcassets */ = {isa = PBXFileReference; lastKnownFileType = folder.assetcatalog; path = Assets.xcassets; sourceTree = "<group>"; };
		7BCB412421C3096200BFC4D0 /* Base */ = {isa = PBXFileReference; lastKnownFileType = file.storyboard; name = Base; path = Base.lproj/LaunchScreen.storyboard; sourceTree = "<group>"; };
		7BCB412621C3096200BFC4D0 /* Info.plist */ = {isa = PBXFileReference; lastKnownFileType = text.plist.xml; path = Info.plist; sourceTree = "<group>"; };
		7BCB412E21C309B900BFC4D0 /* BoundingBoxView.swift */ = {isa = PBXFileReference; fileEncoding = 4; lastKnownFileType = sourcecode.swift; path = BoundingBoxView.swift; sourceTree = "<group>"; };
		7BCB412F21C309B900BFC4D0 /* VideoCapture.swift */ = {isa = PBXFileReference; fileEncoding = 4; lastKnownFileType = sourcecode.swift; path = VideoCapture.swift; sourceTree = "<group>"; };
		7BCB413821C55F9B00BFC4D0 /* MobileNetV2_SSDLite.mlmodel */ = {isa = PBXFileReference; lastKnownFileType = file.mlmodel; path = MobileNetV2_SSDLite.mlmodel; sourceTree = "<group>"; };
/* End PBXFileReference section */

/* Begin PBXFrameworksBuildPhase section */
		7BCB411421C3096100BFC4D0 /* Frameworks */ = {
			isa = PBXFrameworksBuildPhase;
			buildActionMask = 2147483647;
			files = (
			);
			runOnlyForDeploymentPostprocessing = 0;
		};
/* End PBXFrameworksBuildPhase section */

/* Begin PBXGroup section */
		7BCB410E21C3096100BFC4D0 = {
			isa = PBXGroup;
			children = (
				7BCB411921C3096100BFC4D0 /* ObjectDetection */,
				7BCB411821C3096100BFC4D0 /* Products */,
			);
			sourceTree = "<group>";
		};
		7BCB411821C3096100BFC4D0 /* Products */ = {
			isa = PBXGroup;
			children = (
				7BCB411721C3096100BFC4D0 /* ObjectDetection.app */,
			);
			name = Products;
			sourceTree = "<group>";
		};
		7BCB411921C3096100BFC4D0 /* ObjectDetection */ = {
			isa = PBXGroup;
			children = (
				7BCB411A21C3096100BFC4D0 /* AppDelegate.swift */,
				7BCB412E21C309B900BFC4D0 /* BoundingBoxView.swift */,
				7BCB412F21C309B900BFC4D0 /* VideoCapture.swift */,
				7BCB411C21C3096100BFC4D0 /* ViewController.swift */,
				7BCB413821C55F9B00BFC4D0 /* MobileNetV2_SSDLite.mlmodel */,
				7BCB412121C3096200BFC4D0 /* Assets.xcassets */,
				7BCB412621C3096200BFC4D0 /* Info.plist */,
				7BCB412321C3096200BFC4D0 /* LaunchScreen.storyboard */,
				7BCB411E21C3096100BFC4D0 /* Main.storyboard */,
			);
			path = ObjectDetection;
			sourceTree = "<group>";
		};
/* End PBXGroup section */

/* Begin PBXNativeTarget section */
		7BCB411621C3096100BFC4D0 /* ObjectDetection */ = {
			isa = PBXNativeTarget;
			buildConfigurationList = 7BCB412921C3096200BFC4D0 /* Build configuration list for PBXNativeTarget "ObjectDetection" */;
			buildPhases = (
				7BCB411321C3096100BFC4D0 /* Sources */,
				7BCB411421C3096100BFC4D0 /* Frameworks */,
				7BCB411521C3096100BFC4D0 /* Resources */,
			);
			buildRules = (
			);
			dependencies = (
			);
			name = ObjectDetection;
			productName = ObjectDetection;
			productReference = 7BCB411721C3096100BFC4D0 /* ObjectDetection.app */;
			productType = "com.apple.product-type.application";
		};
/* End PBXNativeTarget section */

/* Begin PBXProject section */
		7BCB410F21C3096100BFC4D0 /* Project object */ = {
			isa = PBXProject;
			attributes = {
				LastSwiftUpdateCheck = 1010;
				LastUpgradeCheck = 1010;
				ORGANIZATIONNAME = MachineThink;
				TargetAttributes = {
					7BCB411621C3096100BFC4D0 = {
						CreatedOnToolsVersion = 10.1;
						LastSwiftMigration = 1100;
					};
				};
			};
			buildConfigurationList = 7BCB411221C3096100BFC4D0 /* Build configuration list for PBXProject "ObjectDetection" */;
			compatibilityVersion = "Xcode 9.3";
			developmentRegion = en;
			hasScannedForEncodings = 0;
			knownRegions = (
				en,
				Base,
			);
			mainGroup = 7BCB410E21C3096100BFC4D0;
			productRefGroup = 7BCB411821C3096100BFC4D0 /* Products */;
			projectDirPath = "";
			projectRoot = "";
			targets = (
				7BCB411621C3096100BFC4D0 /* ObjectDetection */,
			);
		};
/* End PBXProject section */

/* Begin PBXResourcesBuildPhase section */
		7BCB411521C3096100BFC4D0 /* Resources */ = {
			isa = PBXResourcesBuildPhase;
			buildActionMask = 2147483647;
			files = (
				7BCB412521C3096200BFC4D0 /* LaunchScreen.storyboard in Resources */,
				7BCB412221C3096200BFC4D0 /* Assets.xcassets in Resources */,
				7BCB412021C3096100BFC4D0 /* Main.storyboard in Resources */,
			);
			runOnlyForDeploymentPostprocessing = 0;
		};
/* End PBXResourcesBuildPhase section */

/* Begin PBXSourcesBuildPhase section */
		7BCB411321C3096100BFC4D0 /* Sources */ = {
			isa = PBXSourcesBuildPhase;
			buildActionMask = 2147483647;
			files = (
				7BCB411D21C3096100BFC4D0 /* ViewController.swift in Sources */,
				7BCB413221C309B900BFC4D0 /* BoundingBoxView.swift in Sources */,
				7BCB413921C55F9B00BFC4D0 /* MobileNetV2_SSDLite.mlmodel in Sources */,
				7BCB411B21C3096100BFC4D0 /* AppDelegate.swift in Sources */,
				7BCB413321C309B900BFC4D0 /* VideoCapture.swift in Sources */,
			);
			runOnlyForDeploymentPostprocessing = 0;
		};
/* End PBXSourcesBuildPhase section */

/* Begin PBXVariantGroup section */
		7BCB411E21C3096100BFC4D0 /* Main.storyboard */ = {
			isa = PBXVariantGroup;
			children = (
				7BCB411F21C3096100BFC4D0 /* Base */,
			);
			name = Main.storyboard;
			sourceTree = "<group>";
		};
		7BCB412321C3096200BFC4D0 /* LaunchScreen.storyboard */ = {
			isa = PBXVariantGroup;
			children = (
				7BCB412421C3096200BFC4D0 /* Base */,
			);
			name = LaunchScreen.storyboard;
			sourceTree = "<group>";
		};
/* End PBXVariantGroup section */

/* Begin XCBuildConfiguration section */
		7BCB412721C3096200BFC4D0 /* Debug */ = {
			isa = XCBuildConfiguration;
			buildSettings = {
				ALWAYS_SEARCH_USER_PATHS = NO;
				CLANG_ANALYZER_NONNULL = YES;
				CLANG_ANALYZER_NUMBER_OBJECT_CONVERSION = YES_AGGRESSIVE;
				CLANG_CXX_LANGUAGE_STANDARD = "gnu++14";
				CLANG_CXX_LIBRARY = "libc++";
				CLANG_ENABLE_MODULES = YES;
				CLANG_ENABLE_OBJC_ARC = YES;
				CLANG_ENABLE_OBJC_WEAK = YES;
				CLANG_WARN_BLOCK_CAPTURE_AUTORELEASING = YES;
				CLANG_WARN_BOOL_CONVERSION = YES;
				CLANG_WARN_COMMA = YES;
				CLANG_WARN_CONSTANT_CONVERSION = YES;
				CLANG_WARN_DEPRECATED_OBJC_IMPLEMENTATIONS = YES;
				CLANG_WARN_DIRECT_OBJC_ISA_USAGE = YES_ERROR;
				CLANG_WARN_DOCUMENTATION_COMMENTS = YES;
				CLANG_WARN_EMPTY_BODY = YES;
				CLANG_WARN_ENUM_CONVERSION = YES;
				CLANG_WARN_INFINITE_RECURSION = YES;
				CLANG_WARN_INT_CONVERSION = YES;
				CLANG_WARN_NON_LITERAL_NULL_CONVERSION = YES;
				CLANG_WARN_OBJC_IMPLICIT_RETAIN_SELF = YES;
				CLANG_WARN_OBJC_LITERAL_CONVERSION = YES;
				CLANG_WARN_OBJC_ROOT_CLASS = YES_ERROR;
				CLANG_WARN_RANGE_LOOP_ANALYSIS = YES;
				CLANG_WARN_STRICT_PROTOTYPES = YES;
				CLANG_WARN_SUSPICIOUS_MOVE = YES;
				CLANG_WARN_UNGUARDED_AVAILABILITY = YES_AGGRESSIVE;
				CLANG_WARN_UNREACHABLE_CODE = YES;
				CLANG_WARN__DUPLICATE_METHOD_MATCH = YES;
				CODE_SIGN_IDENTITY = "iPhone Developer";
				COPY_PHASE_STRIP = NO;
				DEBUG_INFORMATION_FORMAT = dwarf;
				ENABLE_STRICT_OBJC_MSGSEND = YES;
				ENABLE_TESTABILITY = YES;
				GCC_C_LANGUAGE_STANDARD = gnu11;
				GCC_DYNAMIC_NO_PIC = NO;
				GCC_NO_COMMON_BLOCKS = YES;
				GCC_OPTIMIZATION_LEVEL = 0;
				GCC_PREPROCESSOR_DEFINITIONS = (
					"DEBUG=1",
					"$(inherited)",
				);
				GCC_WARN_64_TO_32_BIT_CONVERSION = YES;
				GCC_WARN_ABOUT_RETURN_TYPE = YES_ERROR;
				GCC_WARN_UNDECLARED_SELECTOR = YES;
				GCC_WARN_UNINITIALIZED_AUTOS = YES_AGGRESSIVE;
				GCC_WARN_UNUSED_FUNCTION = YES;
				GCC_WARN_UNUSED_VARIABLE = YES;
				IPHONEOS_DEPLOYMENT_TARGET = 12.0;
				MTL_ENABLE_DEBUG_INFO = INCLUDE_SOURCE;
				MTL_FAST_MATH = YES;
				ONLY_ACTIVE_ARCH = YES;
				SDKROOT = iphoneos;
				SWIFT_ACTIVE_COMPILATION_CONDITIONS = DEBUG;
				SWIFT_OPTIMIZATION_LEVEL = "-Onone";
			};
			name = Debug;
		};
		7BCB412821C3096200BFC4D0 /* Release */ = {
			isa = XCBuildConfiguration;
			buildSettings = {
				ALWAYS_SEARCH_USER_PATHS = NO;
				CLANG_ANALYZER_NONNULL = YES;
				CLANG_ANALYZER_NUMBER_OBJECT_CONVERSION = YES_AGGRESSIVE;
				CLANG_CXX_LANGUAGE_STANDARD = "gnu++14";
				CLANG_CXX_LIBRARY = "libc++";
				CLANG_ENABLE_MODULES = YES;
				CLANG_ENABLE_OBJC_ARC = YES;
				CLANG_ENABLE_OBJC_WEAK = YES;
				CLANG_WARN_BLOCK_CAPTURE_AUTORELEASING = YES;
				CLANG_WARN_BOOL_CONVERSION = YES;
				CLANG_WARN_COMMA = YES;
				CLANG_WARN_CONSTANT_CONVERSION = YES;
				CLANG_WARN_DEPRECATED_OBJC_IMPLEMENTATIONS = YES;
				CLANG_WARN_DIRECT_OBJC_ISA_USAGE = YES_ERROR;
				CLANG_WARN_DOCUMENTATION_COMMENTS = YES;
				CLANG_WARN_EMPTY_BODY = YES;
				CLANG_WARN_ENUM_CONVERSION = YES;
				CLANG_WARN_INFINITE_RECURSION = YES;
				CLANG_WARN_INT_CONVERSION = YES;
				CLANG_WARN_NON_LITERAL_NULL_CONVERSION = YES;
				CLANG_WARN_OBJC_IMPLICIT_RETAIN_SELF = YES;
				CLANG_WARN_OBJC_LITERAL_CONVERSION = YES;
				CLANG_WARN_OBJC_ROOT_CLASS = YES_ERROR;
				CLANG_WARN_RANGE_LOOP_ANALYSIS = YES;
				CLANG_WARN_STRICT_PROTOTYPES = YES;
				CLANG_WARN_SUSPICIOUS_MOVE = YES;
				CLANG_WARN_UNGUARDED_AVAILABILITY = YES_AGGRESSIVE;
				CLANG_WARN_UNREACHABLE_CODE = YES;
				CLANG_WARN__DUPLICATE_METHOD_MATCH = YES;
				CODE_SIGN_IDENTITY = "iPhone Developer";
				COPY_PHASE_STRIP = NO;
				DEBUG_INFORMATION_FORMAT = "dwarf-with-dsym";
				ENABLE_NS_ASSERTIONS = NO;
				ENABLE_STRICT_OBJC_MSGSEND = YES;
				GCC_C_LANGUAGE_STANDARD = gnu11;
				GCC_NO_COMMON_BLOCKS = YES;
				GCC_WARN_64_TO_32_BIT_CONVERSION = YES;
				GCC_WARN_ABOUT_RETURN_TYPE = YES_ERROR;
				GCC_WARN_UNDECLARED_SELECTOR = YES;
				GCC_WARN_UNINITIALIZED_AUTOS = YES_AGGRESSIVE;
				GCC_WARN_UNUSED_FUNCTION = YES;
				GCC_WARN_UNUSED_VARIABLE = YES;
				IPHONEOS_DEPLOYMENT_TARGET = 12.0;
				MTL_ENABLE_DEBUG_INFO = NO;
				MTL_FAST_MATH = YES;
				SDKROOT = iphoneos;
				SWIFT_COMPILATION_MODE = wholemodule;
				SWIFT_OPTIMIZATION_LEVEL = "-O";
				VALIDATE_PRODUCT = YES;
			};
			name = Release;
		};
		7BCB412A21C3096200BFC4D0 /* Debug */ = {
			isa = XCBuildConfiguration;
			buildSettings = {
				ASSETCATALOG_COMPILER_APPICON_NAME = AppIcon;
				CODE_SIGN_STYLE = Automatic;
				DEVELOPMENT_TEAM = MGCEKGP4Y4;
				INFOPLIST_FILE = ObjectDetection/Info.plist;
				LD_RUNPATH_SEARCH_PATHS = (
					"$(inherited)",
					"@executable_path/Frameworks",
				);
				PRODUCT_BUNDLE_IDENTIFIER = net.machinethink.ObjectDetection;
				PRODUCT_NAME = "$(TARGET_NAME)";
				SWIFT_VERSION = 5.0;
				TARGETED_DEVICE_FAMILY = 1;
			};
			name = Debug;
		};
		7BCB412B21C3096200BFC4D0 /* Release */ = {
			isa = XCBuildConfiguration;
			buildSettings = {
				ASSETCATALOG_COMPILER_APPICON_NAME = AppIcon;
				CODE_SIGN_STYLE = Automatic;
				DEVELOPMENT_TEAM = MGCEKGP4Y4;
				INFOPLIST_FILE = ObjectDetection/Info.plist;
				LD_RUNPATH_SEARCH_PATHS = (
					"$(inherited)",
					"@executable_path/Frameworks",
				);
				PRODUCT_BUNDLE_IDENTIFIER = net.machinethink.ObjectDetection;
				PRODUCT_NAME = "$(TARGET_NAME)";
				SWIFT_VERSION = 5.0;
				TARGETED_DEVICE_FAMILY = 1;
			};
			name = Release;
		};
/* End XCBuildConfiguration section */

/* Begin XCConfigurationList section */
		7BCB411221C3096100BFC4D0 /* Build configuration list for PBXProject "ObjectDetection" */ = {
			isa = XCConfigurationList;
			buildConfigurations = (
				7BCB412721C3096200BFC4D0 /* Debug */,
				7BCB412821C3096200BFC4D0 /* Release */,
			);
			defaultConfigurationIsVisible = 0;
			defaultConfigurationName = Release;
		};
		7BCB412921C3096200BFC4D0 /* Build configuration list for PBXNativeTarget "ObjectDetection" */ = {
			isa = XCConfigurationList;
			buildConfigurations = (
				7BCB412A21C3096200BFC4D0 /* Debug */,
				7BCB412B21C3096200BFC4D0 /* Release */,
			);
			defaultConfigurationIsVisible = 0;
			defaultConfigurationName = Release;
		};
/* End XCConfigurationList section */
	};
	rootObject = 7BCB410F21C3096100BFC4D0 /* Project object */;
}
